Microsoft Visual Studio Solution File, Format Version 12.00
# Visual Studio 14
VisualStudioVersion = 14.0.25420.1
MinimumVisualStudioVersion = 10.0.40219.1
Project("{FAE04EC0-301F-11D3-BF4B-00C04F79EFBC}") = "Civitas.WebApi", "Civitas.WebApi\Civitas.WebApi.csproj", "{935FE0DC-2F30-49B1-8E92-DFC1080F183B}"
EndProject
Project("{FAE04EC0-301F-11D3-BF4B-00C04F79EFBC}") = "Civitas.DAL", "Civitas.DAL\Civitas.DAL.csproj", "{5D8843BB-B950-48AD-9A71-4A0B3A498759}"
EndProject
Project("{FAE04EC0-301F-11D3-BF4B-00C04F79EFBC}") = "Civitas.Entities", "Civitas.Entities\Civitas.Entities.csproj", "{0FB3445A-C09C-4E94-B708-430EC9828398}"
EndProject
Project("{FAE04EC0-301F-11D3-BF4B-00C04F79EFBC}") = "Civitas.DataModel", "Civitas.DataModel\Civitas.DataModel.csproj", "{86209FA2-5BBD-40D7-8185-48446A760CCA}"
EndProject
Project("{FAE04EC0-301F-11D3-BF4B-00C04F79EFBC}") = "Civitas.DataModel.Tests", "Civitas.DataModel.Tests\Civitas.DataModel.Tests.csproj", "{FFF30B28-D349-457C-BF1E-C4DF8835CE78}"
EndProject
Project("{FAE04EC0-301F-11D3-BF4B-00C04F79EFBC}") = "Civitas.Android", "Civitas.Android\Civitas.Android.csproj", "{37AAD49B-59B3-4D11-8CEA-DAE4027198D7}"
EndProject
Project("{FAE04EC0-301F-11D3-BF4B-00C04F79EFBC}") = "Civitas.WebBO", "Civitas.WebBO\Civitas.WebBO.csproj", "{387F8C04-F399-4ECC-B168-CE7B1E0CF527}"
EndProject
Project("{FAE04EC0-301F-11D3-BF4B-00C04F79EFBC}") = "Civitas.WebBO.Tests", "Civitas.WebBO.Tests\Civitas.WebBO.Tests.csproj", "{093922D5-0046-45C1-8E59-8F1F1B04E5BB}"
EndProject
Global
	GlobalSection(SolutionConfigurationPlatforms) = preSolution
		Debug|Any CPU = Debug|Any CPU
		Debug|ARM = Debug|ARM
		Debug|x64 = Debug|x64
		Debug|x86 = Debug|x86
		Release|Any CPU = Release|Any CPU
		Release|ARM = Release|ARM
		Release|x64 = Release|x64
		Release|x86 = Release|x86
	EndGlobalSection
	GlobalSection(ProjectConfigurationPlatforms) = postSolution
		{935FE0DC-2F30-49B1-8E92-DFC1080F183B}.Debug|Any CPU.ActiveCfg = Debug|Any CPU
		{935FE0DC-2F30-49B1-8E92-DFC1080F183B}.Debug|Any CPU.Build.0 = Debug|Any CPU
		{935FE0DC-2F30-49B1-8E92-DFC1080F183B}.Debug|ARM.ActiveCfg = Debug|Any CPU
		{935FE0DC-2F30-49B1-8E92-DFC1080F183B}.Debug|ARM.Build.0 = Debug|Any CPU
		{935FE0DC-2F30-49B1-8E92-DFC1080F183B}.Debug|x64.ActiveCfg = Debug|Any CPU
		{935FE0DC-2F30-49B1-8E92-DFC1080F183B}.Debug|x64.Build.0 = Debug|Any CPU
		{935FE0DC-2F30-49B1-8E92-DFC1080F183B}.Debug|x86.ActiveCfg = Debug|Any CPU
		{935FE0DC-2F30-49B1-8E92-DFC1080F183B}.Debug|x86.Build.0 = Debug|Any CPU
		{935FE0DC-2F30-49B1-8E92-DFC1080F183B}.Release|Any CPU.ActiveCfg = Release|Any CPU
		{935FE0DC-2F30-49B1-8E92-DFC1080F183B}.Release|Any CPU.Build.0 = Release|Any CPU
		{935FE0DC-2F30-49B1-8E92-DFC1080F183B}.Release|ARM.ActiveCfg = Release|Any CPU
		{935FE0DC-2F30-49B1-8E92-DFC1080F183B}.Release|ARM.Build.0 = Release|Any CPU
		{935FE0DC-2F30-49B1-8E92-DFC1080F183B}.Release|x64.ActiveCfg = Release|Any CPU
		{935FE0DC-2F30-49B1-8E92-DFC1080F183B}.Release|x64.Build.0 = Release|Any CPU
		{935FE0DC-2F30-49B1-8E92-DFC1080F183B}.Release|x86.ActiveCfg = Release|Any CPU
		{935FE0DC-2F30-49B1-8E92-DFC1080F183B}.Release|x86.Build.0 = Release|Any CPU
		{5D8843BB-B950-48AD-9A71-4A0B3A498759}.Debug|Any CPU.ActiveCfg = Debug|Any CPU
		{5D8843BB-B950-48AD-9A71-4A0B3A498759}.Debug|Any CPU.Build.0 = Debug|Any CPU
		{5D8843BB-B950-48AD-9A71-4A0B3A498759}.Debug|ARM.ActiveCfg = Debug|Any CPU
		{5D8843BB-B950-48AD-9A71-4A0B3A498759}.Debug|ARM.Build.0 = Debug|Any CPU
		{5D8843BB-B950-48AD-9A71-4A0B3A498759}.Debug|x64.ActiveCfg = Debug|Any CPU
		{5D8843BB-B950-48AD-9A71-4A0B3A498759}.Debug|x64.Build.0 = Debug|Any CPU
		{5D8843BB-B950-48AD-9A71-4A0B3A498759}.Debug|x86.ActiveCfg = Debug|Any CPU
		{5D8843BB-B950-48AD-9A71-4A0B3A498759}.Debug|x86.Build.0 = Debug|Any CPU
		{5D8843BB-B950-48AD-9A71-4A0B3A498759}.Release|Any CPU.ActiveCfg = Release|Any CPU
		{5D8843BB-B950-48AD-9A71-4A0B3A498759}.Release|Any CPU.Build.0 = Release|Any CPU
		{5D8843BB-B950-48AD-9A71-4A0B3A498759}.Release|ARM.ActiveCfg = Release|Any CPU
		{5D8843BB-B950-48AD-9A71-4A0B3A498759}.Release|ARM.Build.0 = Release|Any CPU
		{5D8843BB-B950-48AD-9A71-4A0B3A498759}.Release|x64.ActiveCfg = Release|Any CPU
		{5D8843BB-B950-48AD-9A71-4A0B3A498759}.Release|x64.Build.0 = Release|Any CPU
		{5D8843BB-B950-48AD-9A71-4A0B3A498759}.Release|x86.ActiveCfg = Release|Any CPU
		{5D8843BB-B950-48AD-9A71-4A0B3A498759}.Release|x86.Build.0 = Release|Any CPU
		{0FB3445A-C09C-4E94-B708-430EC9828398}.Debug|Any CPU.ActiveCfg = Debug|Any CPU
		{0FB3445A-C09C-4E94-B708-430EC9828398}.Debug|Any CPU.Build.0 = Debug|Any CPU
		{0FB3445A-C09C-4E94-B708-430EC9828398}.Debug|ARM.ActiveCfg = Debug|Any CPU
		{0FB3445A-C09C-4E94-B708-430EC9828398}.Debug|ARM.Build.0 = Debug|Any CPU
		{0FB3445A-C09C-4E94-B708-430EC9828398}.Debug|x64.ActiveCfg = Debug|Any CPU
		{0FB3445A-C09C-4E94-B708-430EC9828398}.Debug|x64.Build.0 = Debug|Any CPU
		{0FB3445A-C09C-4E94-B708-430EC9828398}.Debug|x86.ActiveCfg = Debug|Any CPU
		{0FB3445A-C09C-4E94-B708-430EC9828398}.Debug|x86.Build.0 = Debug|Any CPU
		{0FB3445A-C09C-4E94-B708-430EC9828398}.Release|Any CPU.ActiveCfg = Release|Any CPU
		{0FB3445A-C09C-4E94-B708-430EC9828398}.Release|Any CPU.Build.0 = Release|Any CPU
		{0FB3445A-C09C-4E94-B708-430EC9828398}.Release|ARM.ActiveCfg = Release|Any CPU
		{0FB3445A-C09C-4E94-B708-430EC9828398}.Release|ARM.Build.0 = Release|Any CPU
		{0FB3445A-C09C-4E94-B708-430EC9828398}.Release|x64.ActiveCfg = Release|Any CPU
		{0FB3445A-C09C-4E94-B708-430EC9828398}.Release|x64.Build.0 = Release|Any CPU
		{0FB3445A-C09C-4E94-B708-430EC9828398}.Release|x86.ActiveCfg = Release|Any CPU
		{0FB3445A-C09C-4E94-B708-430EC9828398}.Release|x86.Build.0 = Release|Any CPU
		{86209FA2-5BBD-40D7-8185-48446A760CCA}.Debug|Any CPU.ActiveCfg = Debug|Any CPU
		{86209FA2-5BBD-40D7-8185-48446A760CCA}.Debug|Any CPU.Build.0 = Debug|Any CPU
		{86209FA2-5BBD-40D7-8185-48446A760CCA}.Debug|ARM.ActiveCfg = Debug|Any CPU
		{86209FA2-5BBD-40D7-8185-48446A760CCA}.Debug|ARM.Build.0 = Debug|Any CPU
		{86209FA2-5BBD-40D7-8185-48446A760CCA}.Debug|x64.ActiveCfg = Debug|Any CPU
		{86209FA2-5BBD-40D7-8185-48446A760CCA}.Debug|x64.Build.0 = Debug|Any CPU
		{86209FA2-5BBD-40D7-8185-48446A760CCA}.Debug|x86.ActiveCfg = Debug|Any CPU
		{86209FA2-5BBD-40D7-8185-48446A760CCA}.Debug|x86.Build.0 = Debug|Any CPU
		{86209FA2-5BBD-40D7-8185-48446A760CCA}.Release|Any CPU.ActiveCfg = Release|Any CPU
		{86209FA2-5BBD-40D7-8185-48446A760CCA}.Release|Any CPU.Build.0 = Release|Any CPU
		{86209FA2-5BBD-40D7-8185-48446A760CCA}.Release|ARM.ActiveCfg = Release|Any CPU
		{86209FA2-5BBD-40D7-8185-48446A760CCA}.Release|ARM.Build.0 = Release|Any CPU
		{86209FA2-5BBD-40D7-8185-48446A760CCA}.Release|x64.ActiveCfg = Release|Any CPU
		{86209FA2-5BBD-40D7-8185-48446A760CCA}.Release|x64.Build.0 = Release|Any CPU
		{86209FA2-5BBD-40D7-8185-48446A760CCA}.Release|x86.ActiveCfg = Release|Any CPU
		{86209FA2-5BBD-40D7-8185-48446A760CCA}.Release|x86.Build.0 = Release|Any CPU
		{FFF30B28-D349-457C-BF1E-C4DF8835CE78}.Debug|Any CPU.ActiveCfg = Debug|Any CPU
		{FFF30B28-D349-457C-BF1E-C4DF8835CE78}.Debug|Any CPU.Build.0 = Debug|Any CPU
		{FFF30B28-D349-457C-BF1E-C4DF8835CE78}.Debug|ARM.ActiveCfg = Debug|Any CPU
		{FFF30B28-D349-457C-BF1E-C4DF8835CE78}.Debug|ARM.Build.0 = Debug|Any CPU
		{FFF30B28-D349-457C-BF1E-C4DF8835CE78}.Debug|x64.ActiveCfg = Debug|Any CPU
		{FFF30B28-D349-457C-BF1E-C4DF8835CE78}.Debug|x64.Build.0 = Debug|Any CPU
		{FFF30B28-D349-457C-BF1E-C4DF8835CE78}.Debug|x86.ActiveCfg = Debug|Any CPU
		{FFF30B28-D349-457C-BF1E-C4DF8835CE78}.Debug|x86.Build.0 = Debug|Any CPU
		{FFF30B28-D349-457C-BF1E-C4DF8835CE78}.Release|Any CPU.ActiveCfg = Release|Any CPU
		{FFF30B28-D349-457C-BF1E-C4DF8835CE78}.Release|Any CPU.Build.0 = Release|Any CPU
		{FFF30B28-D349-457C-BF1E-C4DF8835CE78}.Release|ARM.ActiveCfg = Release|Any CPU
		{FFF30B28-D349-457C-BF1E-C4DF8835CE78}.Release|ARM.Build.0 = Release|Any CPU
		{FFF30B28-D349-457C-BF1E-C4DF8835CE78}.Release|x64.ActiveCfg = Release|Any CPU
		{FFF30B28-D349-457C-BF1E-C4DF8835CE78}.Release|x64.Build.0 = Release|Any CPU
		{FFF30B28-D349-457C-BF1E-C4DF8835CE78}.Release|x86.ActiveCfg = Release|Any CPU
		{FFF30B28-D349-457C-BF1E-C4DF8835CE78}.Release|x86.Build.0 = Release|Any CPU
		{37AAD49B-59B3-4D11-8CEA-DAE4027198D7}.Debug|Any CPU.ActiveCfg = Debug|Any CPU
		{37AAD49B-59B3-4D11-8CEA-DAE4027198D7}.Debug|Any CPU.Build.0 = Debug|Any CPU
		{37AAD49B-59B3-4D11-8CEA-DAE4027198D7}.Debug|Any CPU.Deploy.0 = Debug|Any CPU
		{37AAD49B-59B3-4D11-8CEA-DAE4027198D7}.Debug|ARM.ActiveCfg = Debug|Any CPU
		{37AAD49B-59B3-4D11-8CEA-DAE4027198D7}.Debug|ARM.Build.0 = Debug|Any CPU
		{37AAD49B-59B3-4D11-8CEA-DAE4027198D7}.Debug|ARM.Deploy.0 = Debug|Any CPU
		{37AAD49B-59B3-4D11-8CEA-DAE4027198D7}.Debug|x64.ActiveCfg = Debug|Any CPU
		{37AAD49B-59B3-4D11-8CEA-DAE4027198D7}.Debug|x64.Build.0 = Debug|Any CPU
		{37AAD49B-59B3-4D11-8CEA-DAE4027198D7}.Debug|x64.Deploy.0 = Debug|Any CPU
		{37AAD49B-59B3-4D11-8CEA-DAE4027198D7}.Debug|x86.ActiveCfg = Debug|Any CPU
		{37AAD49B-59B3-4D11-8CEA-DAE4027198D7}.Debug|x86.Build.0 = Debug|Any CPU
		{37AAD49B-59B3-4D11-8CEA-DAE4027198D7}.Debug|x86.Deploy.0 = Debug|Any CPU
		{37AAD49B-59B3-4D11-8CEA-DAE4027198D7}.Release|Any CPU.ActiveCfg = Release|Any CPU
		{37AAD49B-59B3-4D11-8CEA-DAE4027198D7}.Release|Any CPU.Build.0 = Release|Any CPU
		{37AAD49B-59B3-4D11-8CEA-DAE4027198D7}.Release|Any CPU.Deploy.0 = Release|Any CPU
		{37AAD49B-59B3-4D11-8CEA-DAE4027198D7}.Release|ARM.ActiveCfg = Release|Any CPU
		{37AAD49B-59B3-4D11-8CEA-DAE4027198D7}.Release|ARM.Build.0 = Release|Any CPU
		{37AAD49B-59B3-4D11-8CEA-DAE4027198D7}.Release|ARM.Deploy.0 = Release|Any CPU
		{37AAD49B-59B3-4D11-8CEA-DAE4027198D7}.Release|x64.ActiveCfg = Release|Any CPU
		{37AAD49B-59B3-4D11-8CEA-DAE4027198D7}.Release|x64.Build.0 = Release|Any CPU
		{37AAD49B-59B3-4D11-8CEA-DAE4027198D7}.Release|x64.Deploy.0 = Release|Any CPU
		{37AAD49B-59B3-4D11-8CEA-DAE4027198D7}.Release|x86.ActiveCfg = Release|Any CPU
		{37AAD49B-59B3-4D11-8CEA-DAE4027198D7}.Release|x86.Build.0 = Release|Any CPU
		{37AAD49B-59B3-4D11-8CEA-DAE4027198D7}.Release|x86.Deploy.0 = Release|Any CPU
		{387F8C04-F399-4ECC-B168-CE7B1E0CF527}.Debug|Any CPU.ActiveCfg = Debug|Any CPU
		{387F8C04-F399-4ECC-B168-CE7B1E0CF527}.Debug|Any CPU.Build.0 = Debug|Any CPU
		{387F8C04-F399-4ECC-B168-CE7B1E0CF527}.Debug|ARM.ActiveCfg = Debug|Any CPU
		{387F8C04-F399-4ECC-B168-CE7B1E0CF527}.Debug|ARM.Build.0 = Debug|Any CPU
		{387F8C04-F399-4ECC-B168-CE7B1E0CF527}.Debug|x64.ActiveCfg = Debug|Any CPU
		{387F8C04-F399-4ECC-B168-CE7B1E0CF527}.Debug|x64.Build.0 = Debug|Any CPU
		{387F8C04-F399-4ECC-B168-CE7B1E0CF527}.Debug|x86.ActiveCfg = Debug|Any CPU
		{387F8C04-F399-4ECC-B168-CE7B1E0CF527}.Debug|x86.Build.0 = Debug|Any CPU
		{387F8C04-F399-4ECC-B168-CE7B1E0CF527}.Release|Any CPU.ActiveCfg = Release|Any CPU
		{387F8C04-F399-4ECC-B168-CE7B1E0CF527}.Release|Any CPU.Build.0 = Release|Any CPU
		{387F8C04-F399-4ECC-B168-CE7B1E0CF527}.Release|ARM.ActiveCfg = Release|Any CPU
		{387F8C04-F399-4ECC-B168-CE7B1E0CF527}.Release|ARM.Build.0 = Release|Any CPU
		{387F8C04-F399-4ECC-B168-CE7B1E0CF527}.Release|x64.ActiveCfg = Release|Any CPU
		{387F8C04-F399-4ECC-B168-CE7B1E0CF527}.Release|x64.Build.0 = Release|Any CPU
		{387F8C04-F399-4ECC-B168-CE7B1E0CF527}.Release|x86.ActiveCfg = Release|Any CPU
		{387F8C04-F399-4ECC-B168-CE7B1E0CF527}.Release|x86.Build.0 = Release|Any CPU
		{093922D5-0046-45C1-8E59-8F1F1B04E5BB}.Debug|Any CPU.ActiveCfg = Debug|Any CPU
		{093922D5-0046-45C1-8E59-8F1F1B04E5BB}.Debug|Any CPU.Build.0 = Debug|Any CPU
		{093922D5-0046-45C1-8E59-8F1F1B04E5BB}.Debug|ARM.ActiveCfg = Debug|Any CPU
		{093922D5-0046-45C1-8E59-8F1F1B04E5BB}.Debug|ARM.Build.0 = Debug|Any CPU
		{093922D5-0046-45C1-8E59-8F1F1B04E5BB}.Debug|x64.ActiveCfg = Debug|Any CPU
		{093922D5-0046-45C1-8E59-8F1F1B04E5BB}.Debug|x64.Build.0 = Debug|Any CPU
		{093922D5-0046-45C1-8E59-8F1F1B04E5BB}.Debug|x86.ActiveCfg = Debug|Any CPU
		{093922D5-0046-45C1-8E59-8F1F1B04E5BB}.Debug|x86.Build.0 = Debug|Any CPU
		{093922D5-0046-45C1-8E59-8F1F1B04E5BB}.Release|Any CPU.ActiveCfg = Release|Any CPU
		{093922D5-0046-45C1-8E59-8F1F1B04E5BB}.Release|Any CPU.Build.0 = Release|Any CPU
		{093922D5-0046-45C1-8E59-8F1F1B04E5BB}.Release|ARM.ActiveCfg = Release|Any CPU
		{093922D5-0046-45C1-8E59-8F1F1B04E5BB}.Release|ARM.Build.0 = Release|Any CPU
		{093922D5-0046-45C1-8E59-8F1F1B04E5BB}.Release|x64.ActiveCfg = Release|Any CPU
		{093922D5-0046-45C1-8E59-8F1F1B04E5BB}.Release|x64.Build.0 = Release|Any CPU
		{093922D5-0046-45C1-8E59-8F1F1B04E5BB}.Release|x86.ActiveCfg = Release|Any CPU
		{093922D5-0046-45C1-8E59-8F1F1B04E5BB}.Release|x86.Build.0 = Release|Any CPU
	EndGlobalSection
	GlobalSection(SolutionProperties) = preSolution
		HideSolutionNode = FALSE
	EndGlobalSection
EndGlobal
